// !$*UTF8*$!
{
	archiveVersion = 1;
	classes = {
	};
	objectVersion = 56;
	objects = {

/* Begin PBXBuildFile section */
		787DF8632C525C2500C1E8FF /* App749App.swift in Sources */ = {isa = PBXBuildFile; fileRef = 787DF8622C525C2500C1E8FF /* App749App.swift */; };
		787DF8652C525C2500C1E8FF /* ContentView.swift in Sources */ = {isa = PBXBuildFile; fileRef = 787DF8642C525C2500C1E8FF /* ContentView.swift */; };
		787DF8672C525C2600C1E8FF /* Assets.xcassets in Resources */ = {isa = PBXBuildFile; fileRef = 787DF8662C525C2600C1E8FF /* Assets.xcassets */; };
		787DF86B2C525C2600C1E8FF /* Preview Assets.xcassets in Resources */ = {isa = PBXBuildFile; fileRef = 787DF86A2C525C2600C1E8FF /* Preview Assets.xcassets */; };
		787DF87C2C525EFB00C1E8FF /* Launch Screen.storyboard in Resources */ = {isa = PBXBuildFile; fileRef = 787DF87B2C525EFB00C1E8FF /* Launch Screen.storyboard */; };
		787DF87E2C525F0C00C1E8FF /* LoadingView.swift in Sources */ = {isa = PBXBuildFile; fileRef = 787DF87D2C525F0C00C1E8FF /* LoadingView.swift */; };
		787DF8802C525F1000C1E8FF /* U1.swift in Sources */ = {isa = PBXBuildFile; fileRef = 787DF87F2C525F1000C1E8FF /* U1.swift */; };
		787DF8822C525F1600C1E8FF /* Reviews.swift in Sources */ = {isa = PBXBuildFile; fileRef = 787DF8812C525F1600C1E8FF /* Reviews.swift */; };
		787DF8842C525F1B00C1E8FF /* Not.swift in Sources */ = {isa = PBXBuildFile; fileRef = 787DF8832C525F1B00C1E8FF /* Not.swift */; };
		787DF8862C525F2000C1E8FF /* R1.swift in Sources */ = {isa = PBXBuildFile; fileRef = 787DF8852C525F2000C1E8FF /* R1.swift */; };
		787DF8882C525F2400C1E8FF /* R2.swift in Sources */ = {isa = PBXBuildFile; fileRef = 787DF8872C525F2400C1E8FF /* R2.swift */; };
		787DF88A2C525F2B00C1E8FF /* CoreDataStack.swift in Sources */ = {isa = PBXBuildFile; fileRef = 787DF8892C525F2B00C1E8FF /* CoreDataStack.swift */; };
		787DF88C2C525F3200C1E8FF /* Array.swift in Sources */ = {isa = PBXBuildFile; fileRef = 787DF88B2C525F3200C1E8FF /* Array.swift */; };
		787DF88F2C525F3900C1E8FF /* CoreModel.xcdatamodeld in Sources */ = {isa = PBXBuildFile; fileRef = 787DF88D2C525F3900C1E8FF /* CoreModel.xcdatamodeld */; };
		787DF8912C525F4000C1E8FF /* TabBar.swift in Sources */ = {isa = PBXBuildFile; fileRef = 787DF8902C525F4000C1E8FF /* TabBar.swift */; };
		787DF8962C525F6200C1E8FF /* StatisticsView.swift in Sources */ = {isa = PBXBuildFile; fileRef = 787DF8952C525F6200C1E8FF /* StatisticsView.swift */; };
		787DF8982C525F6800C1E8FF /* GameView.swift in Sources */ = {isa = PBXBuildFile; fileRef = 787DF8972C525F6800C1E8FF /* GameView.swift */; };
		787DF89A2C525F6F00C1E8FF /* SettingsView.swift in Sources */ = {isa = PBXBuildFile; fileRef = 787DF8992C525F6F00C1E8FF /* SettingsView.swift */; };
		787DF89D2C52638200C1E8FF /* EditStat.swift in Sources */ = {isa = PBXBuildFile; fileRef = 787DF89C2C52638200C1E8FF /* EditStat.swift */; };
		787DF89F2C52638F00C1E8FF /* StatisticsViewModel.swift in Sources */ = {isa = PBXBuildFile; fileRef = 787DF89E2C52638F00C1E8FF /* StatisticsViewModel.swift */; };
		787DF8A12C52640900C1E8FF /* DateConvert.swift in Sources */ = {isa = PBXBuildFile; fileRef = 787DF8A02C52640900C1E8FF /* DateConvert.swift */; };
		787DF8A42C52682E00C1E8FF /* AddResult.swift in Sources */ = {isa = PBXBuildFile; fileRef = 787DF8A32C52682E00C1E8FF /* AddResult.swift */; };
		787DF8A62C52B5EC00C1E8FF /* GameViewModel.swift in Sources */ = {isa = PBXBuildFile; fileRef = 787DF8A52C52B5EC00C1E8FF /* GameViewModel.swift */; };
		78C5B6BB2C60E21300C8B165 /* s.swift in Sources */ = {isa = PBXBuildFile; fileRef = 78C5B6BA2C60E21300C8B165 /* s.swift */; };
		78C5B6BD2C60E21A00C8B165 /* d.swift in Sources */ = {isa = PBXBuildFile; fileRef = 78C5B6BC2C60E21A00C8B165 /* d.swift */; };
		78C5B6BF2C60E21F00C8B165 /* w.swift in Sources */ = {isa = PBXBuildFile; fileRef = 78C5B6BE2C60E21F00C8B165 /* w.swift */; };
		78C5B6C22C60E28C00C8B165 /* YandexMobileMetrica in Frameworks */ = {isa = PBXBuildFile; productRef = 78C5B6C12C60E28C00C8B165 /* YandexMobileMetrica */; };
		78C5B6C42C60E28C00C8B165 /* YandexMobileMetricaCrashes in Frameworks */ = {isa = PBXBuildFile; productRef = 78C5B6C32C60E28C00C8B165 /* YandexMobileMetricaCrashes */; };
		78C5B6C72C60E29200C8B165 /* ApphudSDK in Frameworks */ = {isa = PBXBuildFile; productRef = 78C5B6C62C60E29200C8B165 /* ApphudSDK */; };
/* End PBXBuildFile section */

/* Begin PBXFileReference section */
		787DF85F2C525C2500C1E8FF /* App749.app */ = {isa = PBXFileReference; explicitFileType = wrapper.application; includeInIndex = 0; path = App749.app; sourceTree = BUILT_PRODUCTS_DIR; };
		787DF8622C525C2500C1E8FF /* App749App.swift */ = {isa = PBXFileReference; lastKnownFileType = sourcecode.swift; path = App749App.swift; sourceTree = "<group>"; };
		787DF8642C525C2500C1E8FF /* ContentView.swift */ = {isa = PBXFileReference; lastKnownFileType = sourcecode.swift; path = ContentView.swift; sourceTree = "<group>"; };
		787DF8662C525C2600C1E8FF /* Assets.xcassets */ = {isa = PBXFileReference; lastKnownFileType = folder.assetcatalog; path = Assets.xcassets; sourceTree = "<group>"; };
		787DF8682C525C2600C1E8FF /* App749.entitlements */ = {isa = PBXFileReference; lastKnownFileType = text.plist.entitlements; path = App749.entitlements; sourceTree = "<group>"; };
		787DF86A2C525C2600C1E8FF /* Preview Assets.xcassets */ = {isa = PBXFileReference; lastKnownFileType = folder.assetcatalog; path = "Preview Assets.xcassets"; sourceTree = "<group>"; };
		787DF87B2C525EFB00C1E8FF /* Launch Screen.storyboard */ = {isa = PBXFileReference; lastKnownFileType = file.storyboard; path = "Launch Screen.storyboard"; sourceTree = "<group>"; };
		787DF87D2C525F0C00C1E8FF /* LoadingView.swift */ = {isa = PBXFileReference; lastKnownFileType = sourcecode.swift; path = LoadingView.swift; sourceTree = "<group>"; };
		787DF87F2C525F1000C1E8FF /* U1.swift */ = {isa = PBXFileReference; lastKnownFileType = sourcecode.swift; path = U1.swift; sourceTree = "<group>"; };
		787DF8812C525F1600C1E8FF /* Reviews.swift */ = {isa = PBXFileReference; lastKnownFileType = sourcecode.swift; path = Reviews.swift; sourceTree = "<group>"; };
		787DF8832C525F1B00C1E8FF /* Not.swift */ = {isa = PBXFileReference; lastKnownFileType = sourcecode.swift; path = Not.swift; sourceTree = "<group>"; };
		787DF8852C525F2000C1E8FF /* R1.swift */ = {isa = PBXFileReference; lastKnownFileType = sourcecode.swift; path = R1.swift; sourceTree = "<group>"; };
		787DF8872C525F2400C1E8FF /* R2.swift */ = {isa = PBXFileReference; lastKnownFileType = sourcecode.swift; path = R2.swift; sourceTree = "<group>"; };
		787DF8892C525F2B00C1E8FF /* CoreDataStack.swift */ = {isa = PBXFileReference; lastKnownFileType = sourcecode.swift; path = CoreDataStack.swift; sourceTree = "<group>"; };
		787DF88B2C525F3200C1E8FF /* Array.swift */ = {isa = PBXFileReference; lastKnownFileType = sourcecode.swift; path = Array.swift; sourceTree = "<group>"; };
		787DF88E2C525F3900C1E8FF /* CoreModel.xcdatamodel */ = {isa = PBXFileReference; lastKnownFileType = wrapper.xcdatamodel; path = CoreModel.xcdatamodel; sourceTree = "<group>"; };
		787DF8902C525F4000C1E8FF /* TabBar.swift */ = {isa = PBXFileReference; lastKnownFileType = sourcecode.swift; path = TabBar.swift; sourceTree = "<group>"; };
		787DF8952C525F6200C1E8FF /* StatisticsView.swift */ = {isa = PBXFileReference; lastKnownFileType = sourcecode.swift; path = StatisticsView.swift; sourceTree = "<group>"; };
		787DF8972C525F6800C1E8FF /* GameView.swift */ = {isa = PBXFileReference; lastKnownFileType = sourcecode.swift; path = GameView.swift; sourceTree = "<group>"; };
		787DF8992C525F6F00C1E8FF /* SettingsView.swift */ = {isa = PBXFileReference; lastKnownFileType = sourcecode.swift; path = SettingsView.swift; sourceTree = "<group>"; };
		787DF89C2C52638200C1E8FF /* EditStat.swift */ = {isa = PBXFileReference; lastKnownFileType = sourcecode.swift; path = EditStat.swift; sourceTree = "<group>"; };
		787DF89E2C52638F00C1E8FF /* StatisticsViewModel.swift */ = {isa = PBXFileReference; lastKnownFileType = sourcecode.swift; path = StatisticsViewModel.swift; sourceTree = "<group>"; };
		787DF8A02C52640900C1E8FF /* DateConvert.swift */ = {isa = PBXFileReference; lastKnownFileType = sourcecode.swift; path = DateConvert.swift; sourceTree = "<group>"; };
		787DF8A32C52682E00C1E8FF /* AddResult.swift */ = {isa = PBXFileReference; lastKnownFileType = sourcecode.swift; path = AddResult.swift; sourceTree = "<group>"; };
		787DF8A52C52B5EC00C1E8FF /* GameViewModel.swift */ = {isa = PBXFileReference; lastKnownFileType = sourcecode.swift; path = GameViewModel.swift; sourceTree = "<group>"; };
		78C5B6BA2C60E21300C8B165 /* s.swift */ = {isa = PBXFileReference; lastKnownFileType = sourcecode.swift; path = s.swift; sourceTree = "<group>"; };
		78C5B6BC2C60E21A00C8B165 /* d.swift */ = {isa = PBXFileReference; lastKnownFileType = sourcecode.swift; path = d.swift; sourceTree = "<group>"; };
		78C5B6BE2C60E21F00C8B165 /* w.swift */ = {isa = PBXFileReference; lastKnownFileType = sourcecode.swift; path = w.swift; sourceTree = "<group>"; };
/* End PBXFileReference section */

/* Begin PBXFrameworksBuildPhase section */
		787DF85C2C525C2500C1E8FF /* Frameworks */ = {
			isa = PBXFrameworksBuildPhase;
			buildActionMask = 2147483647;
			files = (
				78C5B6C72C60E29200C8B165 /* ApphudSDK in Frameworks */,
				78C5B6C22C60E28C00C8B165 /* YandexMobileMetrica in Frameworks */,
				78C5B6C42C60E28C00C8B165 /* YandexMobileMetricaCrashes in Frameworks */,
			);
			runOnlyForDeploymentPostprocessing = 0;
		};
/* End PBXFrameworksBuildPhase section */

/* Begin PBXGroup section */
		787DF8562C525C2500C1E8FF = {
			isa = PBXGroup;
			children = (
				787DF8612C525C2500C1E8FF /* App749 */,
				787DF8602C525C2500C1E8FF /* Products */,
			);
			sourceTree = "<group>";
		};
		787DF8602C525C2500C1E8FF /* Products */ = {
			isa = PBXGroup;
			children = (
				787DF85F2C525C2500C1E8FF /* App749.app */,
			);
			name = Products;
			sourceTree = "<group>";
		};
		787DF8612C525C2500C1E8FF /* App749 */ = {
			isa = PBXGroup;
			children = (
				787DF8712C525EC600C1E8FF /* All */,
				787DF8622C525C2500C1E8FF /* App749App.swift */,
				787DF8642C525C2500C1E8FF /* ContentView.swift */,
				787DF8662C525C2600C1E8FF /* Assets.xcassets */,
				787DF8682C525C2600C1E8FF /* App749.entitlements */,
				787DF8692C525C2600C1E8FF /* Preview Content */,
			);
			path = App749;
			sourceTree = "<group>";
		};
		787DF8692C525C2600C1E8FF /* Preview Content */ = {
			isa = PBXGroup;
			children = (
				787DF86A2C525C2600C1E8FF /* Preview Assets.xcassets */,
			);
			path = "Preview Content";
			sourceTree = "<group>";
		};
		787DF8712C525EC600C1E8FF /* All */ = {
			isa = PBXGroup;
			children = (
				787DF8762C525EDD00C1E8FF /* Views */,
				787DF8752C525ED900C1E8FF /* Tab */,
				787DF8732C525ECE00C1E8FF /* Ext */,
				787DF8722C525ECA00C1E8FF /* Start */,
			);
			path = All;
			sourceTree = "<group>";
		};
		787DF8722C525ECA00C1E8FF /* Start */ = {
			isa = PBXGroup;
			children = (
				787DF87A2C525EF400C1E8FF /* R */,
				787DF8792C525EF000C1E8FF /* U */,
				787DF8782C525EEC00C1E8FF /* Loading */,
				787DF8772C525EE700C1E8FF /* Launch */,
			);
			path = Start;
			sourceTree = "<group>";
		};
		787DF8732C525ECE00C1E8FF /* Ext */ = {
			isa = PBXGroup;
			children = (
				787DF8892C525F2B00C1E8FF /* CoreDataStack.swift */,
				787DF88B2C525F3200C1E8FF /* Array.swift */,
				787DF88D2C525F3900C1E8FF /* CoreModel.xcdatamodeld */,
				787DF8A02C52640900C1E8FF /* DateConvert.swift */,
				78C5B6BA2C60E21300C8B165 /* s.swift */,
				78C5B6BC2C60E21A00C8B165 /* d.swift */,
				78C5B6BE2C60E21F00C8B165 /* w.swift */,
			);
			path = Ext;
			sourceTree = "<group>";
		};
		787DF8752C525ED900C1E8FF /* Tab */ = {
			isa = PBXGroup;
			children = (
				787DF8902C525F4000C1E8FF /* TabBar.swift */,
			);
			path = Tab;
			sourceTree = "<group>";
		};
		787DF8762C525EDD00C1E8FF /* Views */ = {
			isa = PBXGroup;
			children = (
				787DF8942C525F5800C1E8FF /* Settings */,
				787DF8932C525F4E00C1E8FF /* Game */,
				787DF8922C525F4800C1E8FF /* Statistics */,
			);
			path = Views;
			sourceTree = "<group>";
		};
		787DF8772C525EE700C1E8FF /* Launch */ = {
			isa = PBXGroup;
			children = (
				787DF87B2C525EFB00C1E8FF /* Launch Screen.storyboard */,
			);
			path = Launch;
			sourceTree = "<group>";
		};
		787DF8782C525EEC00C1E8FF /* Loading */ = {
			isa = PBXGroup;
			children = (
				787DF87D2C525F0C00C1E8FF /* LoadingView.swift */,
			);
			path = Loading;
			sourceTree = "<group>";
		};
		787DF8792C525EF000C1E8FF /* U */ = {
			isa = PBXGroup;
			children = (
				787DF87F2C525F1000C1E8FF /* U1.swift */,
				787DF8812C525F1600C1E8FF /* Reviews.swift */,
				787DF8832C525F1B00C1E8FF /* Not.swift */,
			);
			path = U;
			sourceTree = "<group>";
		};
		787DF87A2C525EF400C1E8FF /* R */ = {
			isa = PBXGroup;
			children = (
				787DF8852C525F2000C1E8FF /* R1.swift */,
				787DF8872C525F2400C1E8FF /* R2.swift */,
			);
			path = R;
			sourceTree = "<group>";
		};
		787DF8922C525F4800C1E8FF /* Statistics */ = {
			isa = PBXGroup;
			children = (
				787DF8A22C52682500C1E8FF /* AddResult */,
				787DF89B2C52637900C1E8FF /* EditStat */,
				787DF8952C525F6200C1E8FF /* StatisticsView.swift */,
				787DF89E2C52638F00C1E8FF /* StatisticsViewModel.swift */,
			);
			path = Statistics;
			sourceTree = "<group>";
		};
		787DF8932C525F4E00C1E8FF /* Game */ = {
			isa = PBXGroup;
			children = (
				787DF8972C525F6800C1E8FF /* GameView.swift */,
				787DF8A52C52B5EC00C1E8FF /* GameViewModel.swift */,
			);
			path = Game;
			sourceTree = "<group>";
		};
		787DF8942C525F5800C1E8FF /* Settings */ = {
			isa = PBXGroup;
			children = (
				787DF8992C525F6F00C1E8FF /* SettingsView.swift */,
			);
			path = Settings;
			sourceTree = "<group>";
		};
		787DF89B2C52637900C1E8FF /* EditStat */ = {
			isa = PBXGroup;
			children = (
				787DF89C2C52638200C1E8FF /* EditStat.swift */,
			);
			path = EditStat;
			sourceTree = "<group>";
		};
		787DF8A22C52682500C1E8FF /* AddResult */ = {
			isa = PBXGroup;
			children = (
				787DF8A32C52682E00C1E8FF /* AddResult.swift */,
			);
			path = AddResult;
			sourceTree = "<group>";
		};
/* End PBXGroup section */

/* Begin PBXNativeTarget section */
		787DF85E2C525C2500C1E8FF /* App749 */ = {
			isa = PBXNativeTarget;
			buildConfigurationList = 787DF86E2C525C2600C1E8FF /* Build configuration list for PBXNativeTarget "App749" */;
			buildPhases = (
				787DF85B2C525C2500C1E8FF /* Sources */,
				787DF85C2C525C2500C1E8FF /* Frameworks */,
				787DF85D2C525C2500C1E8FF /* Resources */,
			);
			buildRules = (
			);
			dependencies = (
			);
			name = App749;
			packageProductDependencies = (
				78C5B6C12C60E28C00C8B165 /* YandexMobileMetrica */,
				78C5B6C32C60E28C00C8B165 /* YandexMobileMetricaCrashes */,
				78C5B6C62C60E29200C8B165 /* ApphudSDK */,
			);
			productName = App749;
			productReference = 787DF85F2C525C2500C1E8FF /* App749.app */;
			productType = "com.apple.product-type.application";
		};
/* End PBXNativeTarget section */

/* Begin PBXProject section */
		787DF8572C525C2500C1E8FF /* Project object */ = {
			isa = PBXProject;
			attributes = {
				BuildIndependentTargetsInParallel = 1;
				LastSwiftUpdateCheck = 1540;
				LastUpgradeCheck = 1540;
				TargetAttributes = {
					787DF85E2C525C2500C1E8FF = {
						CreatedOnToolsVersion = 15.4;
					};
				};
			};
			buildConfigurationList = 787DF85A2C525C2500C1E8FF /* Build configuration list for PBXProject "App749" */;
			compatibilityVersion = "Xcode 14.0";
			developmentRegion = en;
			hasScannedForEncodings = 0;
			knownRegions = (
				en,
				Base,
			);
			mainGroup = 787DF8562C525C2500C1E8FF;
			packageReferences = (
				78C5B6C02C60E28C00C8B165 /* XCRemoteSwiftPackageReference "metrica-sdk-ios" */,
				78C5B6C52C60E29200C8B165 /* XCRemoteSwiftPackageReference "ApphudSDK" */,
			);
			productRefGroup = 787DF8602C525C2500C1E8FF /* Products */;
			projectDirPath = "";
			projectRoot = "";
			targets = (
				787DF85E2C525C2500C1E8FF /* App749 */,
			);
		};
/* End PBXProject section */

/* Begin PBXResourcesBuildPhase section */
		787DF85D2C525C2500C1E8FF /* Resources */ = {
			isa = PBXResourcesBuildPhase;
			buildActionMask = 2147483647;
			files = (
				787DF87C2C525EFB00C1E8FF /* Launch Screen.storyboard in Resources */,
				787DF86B2C525C2600C1E8FF /* Preview Assets.xcassets in Resources */,
				787DF8672C525C2600C1E8FF /* Assets.xcassets in Resources */,
			);
			runOnlyForDeploymentPostprocessing = 0;
		};
/* End PBXResourcesBuildPhase section */

/* Begin PBXSourcesBuildPhase section */
		787DF85B2C525C2500C1E8FF /* Sources */ = {
			isa = PBXSourcesBuildPhase;
			buildActionMask = 2147483647;
			files = (
				78C5B6BF2C60E21F00C8B165 /* w.swift in Sources */,
				787DF89A2C525F6F00C1E8FF /* SettingsView.swift in Sources */,
				787DF8862C525F2000C1E8FF /* R1.swift in Sources */,
				787DF88C2C525F3200C1E8FF /* Array.swift in Sources */,
				787DF88F2C525F3900C1E8FF /* CoreModel.xcdatamodeld in Sources */,
				787DF8912C525F4000C1E8FF /* TabBar.swift in Sources */,
				787DF8652C525C2500C1E8FF /* ContentView.swift in Sources */,
				787DF8962C525F6200C1E8FF /* StatisticsView.swift in Sources */,
				787DF89F2C52638F00C1E8FF /* StatisticsViewModel.swift in Sources */,
				787DF8A62C52B5EC00C1E8FF /* GameViewModel.swift in Sources */,
				78C5B6BB2C60E21300C8B165 /* s.swift in Sources */,
				787DF8982C525F6800C1E8FF /* GameView.swift in Sources */,
				787DF8842C525F1B00C1E8FF /* Not.swift in Sources */,
				787DF88A2C525F2B00C1E8FF /* CoreDataStack.swift in Sources */,
				787DF8A12C52640900C1E8FF /* DateConvert.swift in Sources */,
				78C5B6BD2C60E21A00C8B165 /* d.swift in Sources */,
				787DF8A42C52682E00C1E8FF /* AddResult.swift in Sources */,
				787DF8822C525F1600C1E8FF /* Reviews.swift in Sources */,
				787DF89D2C52638200C1E8FF /* EditStat.swift in Sources */,
				787DF8802C525F1000C1E8FF /* U1.swift in Sources */,
				787DF8632C525C2500C1E8FF /* App749App.swift in Sources */,
				787DF87E2C525F0C00C1E8FF /* LoadingView.swift in Sources */,
				787DF8882C525F2400C1E8FF /* R2.swift in Sources */,
			);
			runOnlyForDeploymentPostprocessing = 0;
		};
/* End PBXSourcesBuildPhase section */

/* Begin XCBuildConfiguration section */
		787DF86C2C525C2600C1E8FF /* Debug */ = {
			isa = XCBuildConfiguration;
			buildSettings = {
				ALWAYS_SEARCH_USER_PATHS = NO;
				ASSETCATALOG_COMPILER_GENERATE_SWIFT_ASSET_SYMBOL_EXTENSIONS = YES;
				CLANG_ANALYZER_NONNULL = YES;
				CLANG_ANALYZER_NUMBER_OBJECT_CONVERSION = YES_AGGRESSIVE;
				CLANG_CXX_LANGUAGE_STANDARD = "gnu++20";
				CLANG_ENABLE_MODULES = YES;
				CLANG_ENABLE_OBJC_ARC = YES;
				CLANG_ENABLE_OBJC_WEAK = YES;
				CLANG_WARN_BLOCK_CAPTURE_AUTORELEASING = YES;
				CLANG_WARN_BOOL_CONVERSION = YES;
				CLANG_WARN_COMMA = YES;
				CLANG_WARN_CONSTANT_CONVERSION = YES;
				CLANG_WARN_DEPRECATED_OBJC_IMPLEMENTATIONS = YES;
				CLANG_WARN_DIRECT_OBJC_ISA_USAGE = YES_ERROR;
				CLANG_WARN_DOCUMENTATION_COMMENTS = YES;
				CLANG_WARN_EMPTY_BODY = YES;
				CLANG_WARN_ENUM_CONVERSION = YES;
				CLANG_WARN_INFINITE_RECURSION = YES;
				CLANG_WARN_INT_CONVERSION = YES;
				CLANG_WARN_NON_LITERAL_NULL_CONVERSION = YES;
				CLANG_WARN_OBJC_IMPLICIT_RETAIN_SELF = YES;
				CLANG_WARN_OBJC_LITERAL_CONVERSION = YES;
				CLANG_WARN_OBJC_ROOT_CLASS = YES_ERROR;
				CLANG_WARN_QUOTED_INCLUDE_IN_FRAMEWORK_HEADER = YES;
				CLANG_WARN_RANGE_LOOP_ANALYSIS = YES;
				CLANG_WARN_STRICT_PROTOTYPES = YES;
				CLANG_WARN_SUSPICIOUS_MOVE = YES;
				CLANG_WARN_UNGUARDED_AVAILABILITY = YES_AGGRESSIVE;
				CLANG_WARN_UNREACHABLE_CODE = YES;
				CLANG_WARN__DUPLICATE_METHOD_MATCH = YES;
				COPY_PHASE_STRIP = NO;
				DEBUG_INFORMATION_FORMAT = dwarf;
				ENABLE_STRICT_OBJC_MSGSEND = YES;
				ENABLE_TESTABILITY = YES;
				ENABLE_USER_SCRIPT_SANDBOXING = YES;
				GCC_C_LANGUAGE_STANDARD = gnu17;
				GCC_DYNAMIC_NO_PIC = NO;
				GCC_NO_COMMON_BLOCKS = YES;
				GCC_OPTIMIZATION_LEVEL = 0;
				GCC_PREPROCESSOR_DEFINITIONS = (
					"DEBUG=1",
					"$(inherited)",
				);
				GCC_WARN_64_TO_32_BIT_CONVERSION = YES;
				GCC_WARN_ABOUT_RETURN_TYPE = YES_ERROR;
				GCC_WARN_UNDECLARED_SELECTOR = YES;
				GCC_WARN_UNINITIALIZED_AUTOS = YES_AGGRESSIVE;
				GCC_WARN_UNUSED_FUNCTION = YES;
				GCC_WARN_UNUSED_VARIABLE = YES;
				LOCALIZATION_PREFERS_STRING_CATALOGS = YES;
				MTL_ENABLE_DEBUG_INFO = INCLUDE_SOURCE;
				MTL_FAST_MATH = YES;
				ONLY_ACTIVE_ARCH = YES;
				SWIFT_ACTIVE_COMPILATION_CONDITIONS = "DEBUG $(inherited)";
				SWIFT_OPTIMIZATION_LEVEL = "-Onone";
			};
			name = Debug;
		};
		787DF86D2C525C2600C1E8FF /* Release */ = {
			isa = XCBuildConfiguration;
			buildSettings = {
				ALWAYS_SEARCH_USER_PATHS = NO;
				ASSETCATALOG_COMPILER_GENERATE_SWIFT_ASSET_SYMBOL_EXTENSIONS = YES;
				CLANG_ANALYZER_NONNULL = YES;
				CLANG_ANALYZER_NUMBER_OBJECT_CONVERSION = YES_AGGRESSIVE;
				CLANG_CXX_LANGUAGE_STANDARD = "gnu++20";
				CLANG_ENABLE_MODULES = YES;
				CLANG_ENABLE_OBJC_ARC = YES;
				CLANG_ENABLE_OBJC_WEAK = YES;
				CLANG_WARN_BLOCK_CAPTURE_AUTORELEASING = YES;
				CLANG_WARN_BOOL_CONVERSION = YES;
				CLANG_WARN_COMMA = YES;
				CLANG_WARN_CONSTANT_CONVERSION = YES;
				CLANG_WARN_DEPRECATED_OBJC_IMPLEMENTATIONS = YES;
				CLANG_WARN_DIRECT_OBJC_ISA_USAGE = YES_ERROR;
				CLANG_WARN_DOCUMENTATION_COMMENTS = YES;
				CLANG_WARN_EMPTY_BODY = YES;
				CLANG_WARN_ENUM_CONVERSION = YES;
				CLANG_WARN_INFINITE_RECURSION = YES;
				CLANG_WARN_INT_CONVERSION = YES;
				CLANG_WARN_NON_LITERAL_NULL_CONVERSION = YES;
				CLANG_WARN_OBJC_IMPLICIT_RETAIN_SELF = YES;
				CLANG_WARN_OBJC_LITERAL_CONVERSION = YES;
				CLANG_WARN_OBJC_ROOT_CLASS = YES_ERROR;
				CLANG_WARN_QUOTED_INCLUDE_IN_FRAMEWORK_HEADER = YES;
				CLANG_WARN_RANGE_LOOP_ANALYSIS = YES;
				CLANG_WARN_STRICT_PROTOTYPES = YES;
				CLANG_WARN_SUSPICIOUS_MOVE = YES;
				CLANG_WARN_UNGUARDED_AVAILABILITY = YES_AGGRESSIVE;
				CLANG_WARN_UNREACHABLE_CODE = YES;
				CLANG_WARN__DUPLICATE_METHOD_MATCH = YES;
				COPY_PHASE_STRIP = NO;
				DEBUG_INFORMATION_FORMAT = "dwarf-with-dsym";
				ENABLE_NS_ASSERTIONS = NO;
				ENABLE_STRICT_OBJC_MSGSEND = YES;
				ENABLE_USER_SCRIPT_SANDBOXING = YES;
				GCC_C_LANGUAGE_STANDARD = gnu17;
				GCC_NO_COMMON_BLOCKS = YES;
				GCC_WARN_64_TO_32_BIT_CONVERSION = YES;
				GCC_WARN_ABOUT_RETURN_TYPE = YES_ERROR;
				GCC_WARN_UNDECLARED_SELECTOR = YES;
				GCC_WARN_UNINITIALIZED_AUTOS = YES_AGGRESSIVE;
				GCC_WARN_UNUSED_FUNCTION = YES;
				GCC_WARN_UNUSED_VARIABLE = YES;
				LOCALIZATION_PREFERS_STRING_CATALOGS = YES;
				MTL_ENABLE_DEBUG_INFO = NO;
				MTL_FAST_MATH = YES;
				SWIFT_COMPILATION_MODE = wholemodule;
			};
			name = Release;
		};
		787DF86F2C525C2600C1E8FF /* Debug */ = {
			isa = XCBuildConfiguration;
			buildSettings = {
				ASSETCATALOG_COMPILER_APPICON_NAME = AppIcon;
				ASSETCATALOG_COMPILER_GLOBAL_ACCENT_COLOR_NAME = AccentColor;
				CODE_SIGN_ENTITLEMENTS = App749/App749.entitlements;
				CODE_SIGN_STYLE = Automatic;
				CURRENT_PROJECT_VERSION = 2;
				DEVELOPMENT_ASSET_PATHS = "\"App749/Preview Content\"";
				ENABLE_PREVIEWS = YES;
				GENERATE_INFOPLIST_FILE = YES;
				INFOPLIST_KEY_CFBundleDisplayName = "4raBet Sport\n";
				"INFOPLIST_KEY_UIApplicationSceneManifest_Generation[sdk=iphoneos*]" = YES;
				"INFOPLIST_KEY_UIApplicationSceneManifest_Generation[sdk=iphonesimulator*]" = YES;
				"INFOPLIST_KEY_UIApplicationSupportsIndirectInputEvents[sdk=iphoneos*]" = YES;
				"INFOPLIST_KEY_UIApplicationSupportsIndirectInputEvents[sdk=iphonesimulator*]" = YES;
				"INFOPLIST_KEY_UILaunchScreen_Generation[sdk=iphoneos*]" = YES;
				"INFOPLIST_KEY_UILaunchScreen_Generation[sdk=iphonesimulator*]" = YES;
				INFOPLIST_KEY_UILaunchStoryboardName = "Launch Screen.storyboard";
				"INFOPLIST_KEY_UIStatusBarStyle[sdk=iphoneos*]" = UIStatusBarStyleDefault;
				"INFOPLIST_KEY_UIStatusBarStyle[sdk=iphonesimulator*]" = UIStatusBarStyleDefault;
				INFOPLIST_KEY_UISupportedInterfaceOrientations = UIInterfaceOrientationPortrait;
				INFOPLIST_KEY_UISupportedInterfaceOrientations_iPad = "UIInterfaceOrientationLandscapeLeft UIInterfaceOrientationLandscapeRight UIInterfaceOrientationPortrait UIInterfaceOrientationPortraitUpsideDown";
				IPHONEOS_DEPLOYMENT_TARGET = 14.0;
				LD_RUNPATH_SEARCH_PATHS = "@executable_path/Frameworks";
				"LD_RUNPATH_SEARCH_PATHS[sdk=macosx*]" = "@executable_path/../Frameworks";
				MACOSX_DEPLOYMENT_TARGET = 14.1;
				MARKETING_VERSION = 1.0;
				PRODUCT_BUNDLE_IDENTIFIER = IOI.App749;
				PRODUCT_NAME = "$(TARGET_NAME)";
				SDKROOT = auto;
				SUPPORTED_PLATFORMS = "iphoneos iphonesimulator";
				SUPPORTS_MACCATALYST = NO;
				SWIFT_EMIT_LOC_STRINGS = YES;
				SWIFT_VERSION = 5.0;
				TARGETED_DEVICE_FAMILY = 1;
			};
			name = Debug;
		};
		787DF8702C525C2600C1E8FF /* Release */ = {
			isa = XCBuildConfiguration;
			buildSettings = {
				ASSETCATALOG_COMPILER_APPICON_NAME = AppIcon;
				ASSETCATALOG_COMPILER_GLOBAL_ACCENT_COLOR_NAME = AccentColor;
				CODE_SIGN_ENTITLEMENTS = App749/App749.entitlements;
				CODE_SIGN_STYLE = Automatic;
				CURRENT_PROJECT_VERSION = 2;
				DEVELOPMENT_ASSET_PATHS = "\"App749/Preview Content\"";
				ENABLE_PREVIEWS = YES;
				GENERATE_INFOPLIST_FILE = YES;
				INFOPLIST_KEY_CFBundleDisplayName = "4raBet Sport\n";
				"INFOPLIST_KEY_UIApplicationSceneManifest_Generation[sdk=iphoneos*]" = YES;
				"INFOPLIST_KEY_UIApplicationSceneManifest_Generation[sdk=iphonesimulator*]" = YES;
				"INFOPLIST_KEY_UIApplicationSupportsIndirectInputEvents[sdk=iphoneos*]" = YES;
				"INFOPLIST_KEY_UIApplicationSupportsIndirectInputEvents[sdk=iphonesimulator*]" = YES;
				"INFOPLIST_KEY_UILaunchScreen_Generation[sdk=iphoneos*]" = YES;
				"INFOPLIST_KEY_UILaunchScreen_Generation[sdk=iphonesimulator*]" = YES;
				INFOPLIST_KEY_UILaunchStoryboardName = "Launch Screen.storyboard";
				"INFOPLIST_KEY_UIStatusBarStyle[sdk=iphoneos*]" = UIStatusBarStyleDefault;
				"INFOPLIST_KEY_UIStatusBarStyle[sdk=iphonesimulator*]" = UIStatusBarStyleDefault;
				INFOPLIST_KEY_UISupportedInterfaceOrientations = UIInterfaceOrientationPortrait;
				INFOPLIST_KEY_UISupportedInterfaceOrientations_iPad = "UIInterfaceOrientationLandscapeLeft UIInterfaceOrientationLandscapeRight UIInterfaceOrientationPortrait UIInterfaceOrientationPortraitUpsideDown";
				IPHONEOS_DEPLOYMENT_TARGET = 14.0;
				LD_RUNPATH_SEARCH_PATHS = "@executable_path/Frameworks";
				"LD_RUNPATH_SEARCH_PATHS[sdk=macosx*]" = "@executable_path/../Frameworks";
				MACOSX_DEPLOYMENT_TARGET = 14.1;
				MARKETING_VERSION = 1.0;
				PRODUCT_BUNDLE_IDENTIFIER = IOI.App749;
				PRODUCT_NAME = "$(TARGET_NAME)";
				SDKROOT = auto;
				SUPPORTED_PLATFORMS = "iphoneos iphonesimulator";
				SUPPORTS_MACCATALYST = NO;
				SWIFT_EMIT_LOC_STRINGS = YES;
				SWIFT_VERSION = 5.0;
				TARGETED_DEVICE_FAMILY = 1;
			};
			name = Release;
		};
/* End XCBuildConfiguration section */

/* Begin XCConfigurationList section */
		787DF85A2C525C2500C1E8FF /* Build configuration list for PBXProject "App749" */ = {
			isa = XCConfigurationList;
			buildConfigurations = (
				787DF86C2C525C2600C1E8FF /* Debug */,
				787DF86D2C525C2600C1E8FF /* Release */,
			);
			defaultConfigurationIsVisible = 0;
			defaultConfigurationName = Release;
		};
		787DF86E2C525C2600C1E8FF /* Build configuration list for PBXNativeTarget "App749" */ = {
			isa = XCConfigurationList;
			buildConfigurations = (
				787DF86F2C525C2600C1E8FF /* Debug */,
				787DF8702C525C2600C1E8FF /* Release */,
			);
			defaultConfigurationIsVisible = 0;
			defaultConfigurationName = Release;
		};
/* End XCConfigurationList section */

/* Begin XCRemoteSwiftPackageReference section */
		78C5B6C02C60E28C00C8B165 /* XCRemoteSwiftPackageReference "metrica-sdk-ios" */ = {
			isa = XCRemoteSwiftPackageReference;
			repositoryURL = "https://github.com/yandexmobile/metrica-sdk-ios.git";
			requirement = {
				kind = upToNextMajorVersion;
				minimumVersion = 4.5.2;
			};
		};
		78C5B6C52C60E29200C8B165 /* XCRemoteSwiftPackageReference "ApphudSDK" */ = {
			isa = XCRemoteSwiftPackageReference;
			repositoryURL = "https://github.com/apphud/ApphudSDK.git";
			requirement = {
				kind = upToNextMajorVersion;
				minimumVersion = 3.4.0;
			};
		};
/* End XCRemoteSwiftPackageReference section */

/* Begin XCSwiftPackageProductDependency section */
		78C5B6C12C60E28C00C8B165 /* YandexMobileMetrica */ = {
			isa = XCSwiftPackageProductDependency;
			package = 78C5B6C02C60E28C00C8B165 /* XCRemoteSwiftPackageReference "metrica-sdk-ios" */;
			productName = YandexMobileMetrica;
		};
		78C5B6C32C60E28C00C8B165 /* YandexMobileMetricaCrashes */ = {
			isa = XCSwiftPackageProductDependency;
			package = 78C5B6C02C60E28C00C8B165 /* XCRemoteSwiftPackageReference "metrica-sdk-ios" */;
			productName = YandexMobileMetricaCrashes;
		};
		78C5B6C62C60E29200C8B165 /* ApphudSDK */ = {
			isa = XCSwiftPackageProductDependency;
			package = 78C5B6C52C60E29200C8B165 /* XCRemoteSwiftPackageReference "ApphudSDK" */;
			productName = ApphudSDK;
		};
/* End XCSwiftPackageProductDependency section */

/* Begin XCVersionGroup section */
		787DF88D2C525F3900C1E8FF /* CoreModel.xcdatamodeld */ = {
			isa = XCVersionGroup;
			children = (
				787DF88E2C525F3900C1E8FF /* CoreModel.xcdatamodel */,
			);
			currentVersion = 787DF88E2C525F3900C1E8FF /* CoreModel.xcdatamodel */;
			name = CoreModel.xcdatamodeld;
			path = /Users/igor/Documents/Applications/App749/App749/All/Ext/CoreModel.xcdatamodeld;
			sourceTree = "<group>";
			versionGroupType = wrapper.xcdatamodel;
		};
/* End XCVersionGroup section */
	};
	rootObject = 787DF8572C525C2500C1E8FF /* Project object */;
}
